// !$*UTF8*$!
{
	archiveVersion = 1;
	classes = {
	};
	objectVersion = 46;
	objects = {

/* Begin PBXBuildFile section */
		484D14A31DD2F36300F8FB3F /* main.cpp in Sources */ = {isa = PBXBuildFile; fileRef = 484D14A21DD2F36300F8FB3F /* main.cpp */; };
		484D14AB1DD2F3F000F8FB3F /* Circle.cpp in Sources */ = {isa = PBXBuildFile; fileRef = 484D14AA1DD2F3F000F8FB3F /* Circle.cpp */; };
/* End PBXBuildFile section */

/* Begin PBXCopyFilesBuildPhase section */
		484D149D1DD2F36300F8FB3F /* CopyFiles */ = {
			isa = PBXCopyFilesBuildPhase;
			buildActionMask = 2147483647;
			dstPath = /usr/share/man/man1/;
			dstSubfolderSpec = 0;
			files = (
			);
			runOnlyForDeploymentPostprocessing = 1;
		};
/* End PBXCopyFilesBuildPhase section */

/* Begin PBXFileReference section */
		484D149F1DD2F36300F8FB3F /* EX06_04 */ = {isa = PBXFileReference; explicitFileType = "compiled.mach-o.executable"; includeInIndex = 0; path = EX06_04; sourceTree = BUILT_PRODUCTS_DIR; };
		484D14A21DD2F36300F8FB3F /* main.cpp */ = {isa = PBXFileReference; lastKnownFileType = sourcecode.cpp.cpp; path = main.cpp; sourceTree = "<group>"; };
		484D14A91DD2F38700F8FB3F /* CircleWithConstantMemberFunctions.h */ = {isa = PBXFileReference; lastKnownFileType = sourcecode.c.h; path = CircleWithConstantMemberFunctions.h; sourceTree = "<group>"; };
		484D14AA1DD2F3F000F8FB3F /* Circle.cpp */ = {isa = PBXFileReference; fileEncoding = 4; lastKnownFileType = sourcecode.cpp.cpp; path = Circle.cpp; sourceTree = "<group>"; };
/* End PBXFileReference section */

/* Begin PBXFrameworksBuildPhase section */
		484D149C1DD2F36300F8FB3F /* Frameworks */ = {
			isa = PBXFrameworksBuildPhase;
			buildActionMask = 2147483647;
			files = (
			);
			runOnlyForDeploymentPostprocessing = 0;
		};
/* End PBXFrameworksBuildPhase section */

/* Begin PBXGroup section */
		484D14961DD2F36300F8FB3F = {
			isa = PBXGroup;
			children = (
				484D14A11DD2F36300F8FB3F /* EX06_04 */,
				484D14A01DD2F36300F8FB3F /* Products */,
			);
			sourceTree = "<group>";
		};
		484D14A01DD2F36300F8FB3F /* Products */ = {
			isa = PBXGroup;
			children = (
				484D149F1DD2F36300F8FB3F /* EX06_04 */,
			);
			name = Products;
			sourceTree = "<group>";
		};
		484D14A11DD2F36300F8FB3F /* EX06_04 */ = {
			isa = PBXGroup;
			children = (
				484D14A21DD2F36300F8FB3F /* main.cpp */,
				484D14AA1DD2F3F000F8FB3F /* Circle.cpp */,
				484D14A91DD2F38700F8FB3F /* CircleWithConstantMemberFunctions.h */,
			);
			path = EX06_04;
			sourceTree = "<group>";
		};
/* End PBXGroup section */

/* Begin PBXNativeTarget section */
		484D149E1DD2F36300F8FB3F /* EX06_04 */ = {
			isa = PBXNativeTarget;
			buildConfigurationList = 484D14A61DD2F36300F8FB3F /* Build configuration list for PBXNativeTarget "EX06_04" */;
			buildPhases = (
				484D149B1DD2F36300F8FB3F /* Sources */,
				484D149C1DD2F36300F8FB3F /* Frameworks */,
				484D149D1DD2F36300F8FB3F /* CopyFiles */,
			);
			buildRules = (
			);
			dependencies = (
			);
			name = EX06_04;
			productName = EX06_04;
			productReference = 484D149F1DD2F36300F8FB3F /* EX06_04 */;
			productType = "com.apple.product-type.tool";
		};
/* End PBXNativeTarget section */

/* Begin PBXProject section */
		484D14971DD2F36300F8FB3F /* Project object */ = {
			isa = PBXProject;
			attributes = {
				LastUpgradeCheck = 0800;
				ORGANIZATIONNAME = "Eben Schumann";
				TargetAttributes = {
					484D149E1DD2F36300F8FB3F = {
						CreatedOnToolsVersion = 8.0;
						ProvisioningStyle = Automatic;
					};
				};
			};
			buildConfigurationList = 484D149A1DD2F36300F8FB3F /* Build configuration list for PBXProject "EX06_04" */;
			compatibilityVersion = "Xcode 3.2";
			developmentRegion = English;
			hasScannedForEncodings = 0;
			knownRegions = (
				en,
			);
			mainGroup = 484D14961DD2F36300F8FB3F;
			productRefGroup = 484D14A01DD2F36300F8FB3F /* Products */;
			projectDirPath = "";
			projectRoot = "";
			targets = (
				484D149E1DD2F36300F8FB3F /* EX06_04 */,
			);
		};
/* End PBXProject section */

/* Begin PBXSourcesBuildPhase section */
		484D149B1DD2F36300F8FB3F /* Sources */ = {
			isa = PBXSourcesBuildPhase;
			buildActionMask = 2147483647;
			files = (
				484D14A31DD2F36300F8FB3F /* main.cpp in Sources */,
				484D14AB1DD2F3F000F8FB3F /* Circle.cpp in Sources */,
			);
			runOnlyForDeploymentPostprocessing = 0;
		};
/* End PBXSourcesBuildPhase section */

/* Begin XCBuildConfiguration section */
		484D14A41DD2F36300F8FB3F /* Debug */ = {
			isa = XCBuildConfiguration;
			buildSettings = {
				ALWAYS_SEARCH_USER_PATHS = NO;
				CLANG_ANALYZER_NONNULL = YES;
				CLANG_CXX_LANGUAGE_STANDARD = "gnu++0x";
				CLANG_CXX_LIBRARY = "libc++";
				CLANG_ENABLE_MODULES = YES;
				CLANG_ENABLE_OBJC_ARC = YES;
				CLANG_WARN_BOOL_CONVERSION = YES;
				CLANG_WARN_CONSTANT_CONVERSION = YES;
				CLANG_WARN_DIRECT_OBJC_ISA_USAGE = YES_ERROR;
				CLANG_WARN_DOCUMENTATION_COMMENTS = YES;
				CLANG_WARN_EMPTY_BODY = YES;
				CLANG_WARN_ENUM_CONVERSION = YES;
				CLANG_WARN_INFINITE_RECURSION = YES;
				CLANG_WARN_INT_CONVERSION = YES;
				CLANG_WARN_OBJC_ROOT_CLASS = YES_ERROR;
				CLANG_WARN_SUSPICIOUS_MOVES = YES;
				CLANG_WARN_UNREACHABLE_CODE = YES;
				CLANG_WARN__DUPLICATE_METHOD_MATCH = YES;
				CODE_SIGN_IDENTITY = "-";
				COPY_PHASE_STRIP = NO;
				DEBUG_INFORMATION_FORMAT = dwarf;
				ENABLE_STRICT_OBJC_MSGSEND = YES;
				ENABLE_TESTABILITY = YES;
				GCC_C_LANGUAGE_STANDARD = gnu99;
				GCC_DYNAMIC_NO_PIC = NO;
				GCC_NO_COMMON_BLOCKS = YES;
				GCC_OPTIMIZATION_LEVEL = 0;
				GCC_PREPROCESSOR_DEFINITIONS = (
					"DEBUG=1",
					"$(inherited)",
				);
				GCC_WARN_64_TO_32_BIT_CONVERSION = YES;
				GCC_WARN_ABOUT_RETURN_TYPE = YES_ERROR;
				GCC_WARN_UNDECLARED_SELECTOR = YES;
				GCC_WARN_UNINITIALIZED_AUTOS = YES_AGGRESSIVE;
				GCC_WARN_UNUSED_FUNCTION = YES;
				GCC_WARN_UNUSED_VARIABLE = YES;
				MACOSX_DEPLOYMENT_TARGET = 10.12;
				MTL_ENABLE_DEBUG_INFO = YES;
				ONLY_ACTIVE_ARCH = YES;
				SDKROOT = macosx;
			};
			name = Debug;
		};
		484D14A51DD2F36300F8FB3F /* Release */ = {
			isa = XCBuildConfiguration;
			buildSettings = {
				ALWAYS_SEARCH_USER_PATHS = NO;
				CLANG_ANALYZER_NONNULL = YES;
				CLANG_CXX_LANGUAGE_STANDARD = "gnu++0x";
				CLANG_CXX_LIBRARY = "libc++";
				CLANG_ENABLE_MODULES = YES;
				CLANG_ENABLE_OBJC_ARC = YES;
				CLANG_WARN_BOOL_CONVERSION = YES;
				CLANG_WARN_CONSTANT_CONVERSION = YES;
				CLANG_WARN_DIRECT_OBJC_ISA_USAGE = YES_ERROR;
				CLANG_WARN_DOCUMENTATION_COMMENTS = YES;
				CLANG_WARN_EMPTY_BODY = YES;
				CLANG_WARN_ENUM_CONVERSION = YES;
				CLANG_WARN_INFINITE_RECURSION = YES;
				CLANG_WARN_INT_CONVERSION = YES;
				CLANG_WARN_OBJC_ROOT_CLASS = YES_ERROR;
				CLANG_WARN_SUSPICIOUS_MOVES = YES;
				CLANG_WARN_UNREACHABLE_CODE = YES;
				CLANG_WARN__DUPLICATE_METHOD_MATCH = YES;
				CODE_SIGN_IDENTITY = "-";
				COPY_PHASE_STRIP = NO;
				DEBUG_INFORMATION_FORMAT = "dwarf-with-dsym";
				ENABLE_NS_ASSERTIONS = NO;
				ENABLE_STRICT_OBJC_MSGSEND = YES;
				GCC_C_LANGUAGE_STANDARD = gnu99;
				GCC_NO_COMMON_BLOCKS = YES;
				GCC_WARN_64_TO_32_BIT_CONVERSION = YES;
				GCC_WARN_ABOUT_RETURN_TYPE = YES_ERROR;
				GCC_WARN_UNDECLARED_SELECTOR = YES;
				GCC_WARN_UNINITIALIZED_AUTOS = YES_AGGRESSIVE;
				GCC_WARN_UNUSED_FUNCTION = YES;
				GCC_WARN_UNUSED_VARIABLE = YES;
				MACOSX_DEPLOYMENT_TARGET = 10.12;
				MTL_ENABLE_DEBUG_INFO = NO;
				SDKROOT = macosx;
			};
			name = Release;
		};
		484D14A71DD2F36300F8FB3F /* Debug */ = {
			isa = XCBuildConfiguration;
			buildSettings = {
				PRODUCT_NAME = "$(TARGET_NAME)";
			};
			name = Debug;
		};
		484D14A81DD2F36300F8FB3F /* Release */ = {
			isa = XCBuildConfiguration;
			buildSettings = {
				PRODUCT_NAME = "$(TARGET_NAME)";
			};
			name = Release;
		};
/* End XCBuildConfiguration section */

/* Begin XCConfigurationList section */
		484D149A1DD2F36300F8FB3F /* Build configuration list for PBXProject "EX06_04" */ = {
			isa = XCConfigurationList;
			buildConfigurations = (
				484D14A41DD2F36300F8FB3F /* Debug */,
				484D14A51DD2F36300F8FB3F /* Release */,
			);
			defaultConfigurationIsVisible = 0;
			defaultConfigurationName = Release;
		};
		484D14A61DD2F36300F8FB3F /* Build configuration list for PBXNativeTarget "EX06_04" */ = {
			isa = XCConfigurationList;
			buildConfigurations = (
				484D14A71DD2F36300F8FB3F /* Debug */,
				484D14A81DD2F36300F8FB3F /* Release */,
			);
			defaultConfigurationIsVisible = 0;
		};
/* End XCConfigurationList section */
	};
	rootObject = 484D14971DD2F36300F8FB3F /* Project object */;
}
